
Microsoft Visual Studio Solution File, Format Version 10.00
# Visual C++ Express 2008
Project("{8BC9CEB8-8B4A-11D0-8D11-00A0C91BC942}") = "crt", "crt.vcproj", "{41F568D5-F547-457A-9B9E-438C5A28CEE2}"
EndProject
Global
	GlobalSection(SolutionConfigurationPlatforms) = preSolution
		Debug|Win32 = Debug|Win32
		Release|Win32 = Release|Win32
	EndGlobalSection
	GlobalSection(ProjectConfigurationPlatforms) = postSolution
		{41F568D5-F547-457A-9B9E-438C5A28CEE2}.Debug|Win32.ActiveCfg = Debug|Win32
		{41F568D5-F547-457A-9B9E-438C5A28CEE2}.Debug|Win32.Build.0 = Debug|Win32
		{41F568D5-F547-457A-9B9E-438C5A28CEE2}.Release|Win32.ActiveCfg = Release|Win32
		{41F568D5-F547-457A-9B9E-438C5A28CEE2}.Release|Win32.Build.0 = Release|Win32
	EndGlobalSection
	GlobalSection(SolutionProperties) = preSolution
		HideSolutionNode = FALSE
	EndGlobalSection
EndGlobal
