<?xml version="1.0" encoding="utf-8"?>
<Project ToolsVersion="4.0" xmlns="http://schemas.microsoft.com/developer/msbuild/2003">
  <ItemGroup>
    <Filter Include="Header Files">
      <UniqueIdentifier>{93995380-89BD-4b04-88EB-625FBE52EBFB}</UniqueIdentifier>
      <Extensions>h;hpp;hxx;hm;inl;inc;xsd</Extensions>
    </Filter>
    <Filter Include="Header Files\Parser">
      <UniqueIdentifier>{119bf986-e503-4472-8633-b76e73b77eb5}</UniqueIdentifier>
    </Filter>
    <Filter Include="Header Files\Scene">
      <UniqueIdentifier>{07f305b0-ffba-4093-a6f1-793cb0cfbdf1}</UniqueIdentifier>
    </Filter>
    <Filter Include="Header Files\ScnParser">
      <UniqueIdentifier>{a026de18-6c04-481a-a2c0-0d373af0d6ef}</UniqueIdentifier>
    </Filter>
    <Filter Include="Header Files\ShaderVM">
      <UniqueIdentifier>{1ffa625f-b750-4fa0-8b81-fe592e1d4a26}</UniqueIdentifier>
    </Filter>
    <Filter Include="Header Files\shader_compiler">
      <UniqueIdentifier>{550c9cc4-2bc6-4f19-b9b8-427ae3b44f3b}</UniqueIdentifier>
    </Filter>
    <Filter Include="Source Files">
      <UniqueIdentifier>{4FC737F1-C7A5-4376-A066-2A32D752A2FF}</UniqueIdentifier>
      <Extensions>cpp;c;cc;cxx;def;odl;idl;hpj;bat;asm;asmx</Extensions>
    </Filter>
    <Filter Include="Source Files\Scene">
      <UniqueIdentifier>{5bcd626a-fc3f-4885-b730-cb56afb92e88}</UniqueIdentifier>
    </Filter>
    <Filter Include="Source Files\ShaderVM">
      <UniqueIdentifier>{d2d941ad-7940-4e00-85db-9c47f0b3174c}</UniqueIdentifier>
    </Filter>
    <Filter Include="Source Files\shader_compiler">
      <UniqueIdentifier>{93a0116d-fe16-404f-9acf-38f4637f7518}</UniqueIdentifier>
    </Filter>
    <Filter Include="Shaders">
      <UniqueIdentifier>{56b4e3dd-f684-42b9-9357-261a15ff8b47}</UniqueIdentifier>
    </Filter>
  </ItemGroup>
  <ItemGroup>
    <ClCompile Include="src\main.cpp">
      <Filter>Source Files</Filter>
    </ClCompile>
    <ClCompile Include="src\scene\aabb.cpp">
      <Filter>Source Files\Scene</Filter>
    </ClCompile>
    <ClCompile Include="src\scene\bvh.cpp">
      <Filter>Source Files\Scene</Filter>
    </ClCompile>
    <ClCompile Include="src\scene\camera.cpp">
      <Filter>Source Files\Scene</Filter>
    </ClCompile>
    <ClCompile Include="src\scene\disk.cpp">
      <Filter>Source Files\Scene</Filter>
    </ClCompile>
    <ClCompile Include="src\scene\geometry.cpp">
      <Filter>Source Files\Scene</Filter>
    </ClCompile>
    <ClCompile Include="src\scene\plane.cpp">
      <Filter>Source Files\Scene</Filter>
    </ClCompile>
    <ClCompile Include="src\scene\scene.cpp">
      <Filter>Source Files\Scene</Filter>
    </ClCompile>
    <ClCompile Include="src\scene\sphere.cpp">
      <Filter>Source Files\Scene</Filter>
    </ClCompile>
    <ClCompile Include="src\shadervm\color_fun.cpp">
      <Filter>Source Files\ShaderVM</Filter>
    </ClCompile>
    <ClCompile Include="src\shadervm\compiled_shader.cpp">
      <Filter>Source Files\ShaderVM</Filter>
    </ClCompile>
    <ClCompile Include="src\shadervm\geometric_fun.cpp">
      <Filter>Source Files\ShaderVM</Filter>
    </ClCompile>
    <ClCompile Include="src\shadervm\math_fun.cpp">
      <Filter>Source Files\ShaderVM</Filter>
    </ClCompile>
    <ClCompile Include="src\shadervm\shader_manager.cpp">
      <Filter>Source Files\ShaderVM</Filter>
    </ClCompile>
    <ClCompile Include="src\shadervm\shading_lighting_fun.cpp">
      <Filter>Source Files\ShaderVM</Filter>
    </ClCompile>
    <ClCompile Include="src\shadervm\type_ctor.cpp">
      <Filter>Source Files\ShaderVM</Filter>
    </ClCompile>
    <ClCompile Include="src\shader_compiler\mnemonic_gen_visitor.cpp">
      <Filter>Source Files\shader_compiler</Filter>
    </ClCompile>
    <ClCompile Include="src\shader_compiler\SL_ASTCreator.cpp">
      <Filter>Source Files\shader_compiler</Filter>
    </ClCompile>
    <ClCompile Include="src\shader_compiler\SL_ASTVisitor.cpp">
      <Filter>Source Files\shader_compiler</Filter>
    </ClCompile>
    <ClCompile Include="src\shader_compiler\stdout_visitor.cpp">
      <Filter>Source Files\shader_compiler</Filter>
    </ClCompile>
    <ClCompile Include="src\shader_compiler\useless_nodes_removal_visitor.cpp">
      <Filter>Source Files\shader_compiler</Filter>
    </ClCompile>
  </ItemGroup>
  <ItemGroup>
    <ClInclude Include="src\common.h">
      <Filter>Header Files</Filter>
    </ClInclude>
    <ClInclude Include="src\crtscn_parser\parsing_actors.h">
      <Filter>Header Files\ScnParser</Filter>
    </ClInclude>
    <ClInclude Include="src\crtscn_parser\scnparser.h">
      <Filter>Header Files\ScnParser</Filter>
    </ClInclude>
    <ClInclude Include="src\parser\type_parsers.h">
      <Filter>Header Files\Parser</Filter>
    </ClInclude>
    <ClInclude Include="src\scene\aabb.h">
      <Filter>Header Files\Scene</Filter>
    </ClInclude>
    <ClInclude Include="src\scene\bvh.h">
      <Filter>Header Files\Scene</Filter>
    </ClInclude>
    <ClInclude Include="src\scene\camera.h">
      <Filter>Header Files\Scene</Filter>
    </ClInclude>
    <ClInclude Include="src\scene\color.h">
      <Filter>Header Files\Scene</Filter>
    </ClInclude>
    <ClInclude Include="src\scene\disk.h">
      <Filter>Header Files\Scene</Filter>
    </ClInclude>
    <ClInclude Include="src\scene\geometry.h">
      <Filter>Header Files\Scene</Filter>
    </ClInclude>
    <ClInclude Include="src\scene\light.h">
      <Filter>Header Files\Scene</Filter>
    </ClInclude>
    <ClInclude Include="src\scene\plane.h">
      <Filter>Header Files\Scene</Filter>
    </ClInclude>
    <ClInclude Include="src\scene\ray.h">
      <Filter>Header Files\Scene</Filter>
    </ClInclude>
    <ClInclude Include="src\scene\scene.h">
      <Filter>Header Files\Scene</Filter>
    </ClInclude>
    <ClInclude Include="src\scene\sphere.h">
      <Filter>Header Files\Scene</Filter>
    </ClInclude>
    <ClInclude Include="src\scene\vector3.h">
      <Filter>Header Files\Scene</Filter>
    </ClInclude>
    <ClInclude Include="src\shadervm\compiled_shader.h">
      <Filter>Header Files\ShaderVM</Filter>
    </ClInclude>
    <ClInclude Include="src\shadervm\shader_manager.h">
      <Filter>Header Files\ShaderVM</Filter>
    </ClInclude>
    <ClInclude Include="src\shadervm\shader_param.h">
      <Filter>Header Files\ShaderVM</Filter>
    </ClInclude>
    <ClInclude Include="src\shadervm\symtab.h">
      <Filter>Header Files\ShaderVM</Filter>
    </ClInclude>
    <ClInclude Include="src\shadervm\varvalue.h">
      <Filter>Header Files\ShaderVM</Filter>
    </ClInclude>
    <ClInclude Include="src\shader_compiler\CRTSL_grammar_constants.h">
      <Filter>Header Files\shader_compiler</Filter>
    </ClInclude>
    <ClInclude Include="src\shader_compiler\mnemonic_gen_visitor.h">
      <Filter>Header Files\shader_compiler</Filter>
    </ClInclude>
    <ClInclude Include="src\shader_compiler\SL_ASTCreator.h">
      <Filter>Header Files\shader_compiler</Filter>
    </ClInclude>
    <ClInclude Include="src\shader_compiler\SL_ASTNodes.h">
      <Filter>Header Files\shader_compiler</Filter>
    </ClInclude>
    <ClInclude Include="src\shader_compiler\SL_ASTVisitor.h">
      <Filter>Header Files\shader_compiler</Filter>
    </ClInclude>
    <ClInclude Include="src\shader_compiler\stdout_visitor.h">
      <Filter>Header Files\shader_compiler</Filter>
    </ClInclude>
    <ClInclude Include="src\shader_compiler\useless_nodes_removal_visitor.h">
      <Filter>Header Files\shader_compiler</Filter>
    </ClInclude>
    <ClInclude Include="src\sse.h">
      <Filter>Header Files</Filter>
    </ClInclude>
  </ItemGroup>
  <ItemGroup>
    <None Include="Shaders\standards.crtsl">
      <Filter>Shaders</Filter>
    </None>
    <None Include="Shaders\samples.crtsl">
      <Filter>Shaders</Filter>
    </None>
  </ItemGroup>
</Project>